
Microsoft Visual Studio Solution File, Format Version 12.00
# Visual Studio Version 16
VisualStudioVersion = 16.0.29215.179
MinimumVisualStudioVersion = 10.0.40219.1
Project("{FAE04EC0-301F-11D3-BF4B-00C04F79EFBC}") = "ProductApp", "ProductApp\ProductApp.csproj", "{30047DB3-6551-474B-B2B8-1AFA343DA30A}"
EndProject
Global
	GlobalSection(SolutionConfigurationPlatforms) = preSolution
		Debug|Any CPU = Debug|Any CPU
		Release|Any CPU = Release|Any CPU
	EndGlobalSection
	GlobalSection(ProjectConfigurationPlatforms) = postSolution
		{30047DB3-6551-474B-B2B8-1AFA343DA30A}.Debug|Any CPU.ActiveCfg = Debug|Any CPU
		{30047DB3-6551-474B-B2B8-1AFA343DA30A}.Debug|Any CPU.Build.0 = Debug|Any CPU
		{30047DB3-6551-474B-B2B8-1AFA343DA30A}.Release|Any CPU.ActiveCfg = Release|Any CPU
		{30047DB3-6551-474B-B2B8-1AFA343DA30A}.Release|Any CPU.Build.0 = Release|Any CPU
	EndGlobalSection
	GlobalSection(SolutionProperties) = preSolution
		HideSolutionNode = FALSE
	EndGlobalSection
	GlobalSection(ExtensibilityGlobals) = postSolution
		SolutionGuid = {BE0F1181-2090-40B1-8639-777C3F8CE799}
	EndGlobalSection
EndGlobal
